
Microsoft Visual Studio Solution File, Format Version 12.00
# Visual Studio Version 16
VisualStudioVersion = 16.0.29911.84
MinimumVisualStudioVersion = 10.0.40219.1
Project("{FAE04EC0-301F-11D3-BF4B-00C04F79EFBC}") = "SOLID_Principle", "SOLID_Principle.csproj", "{BF496BAD-FBA2-47A9-8E50-009793312718}"
EndProject
Global
	GlobalSection(SolutionConfigurationPlatforms) = preSolution
		Debug|Any CPU = Debug|Any CPU
		Release|Any CPU = Release|Any CPU
	EndGlobalSection
	GlobalSection(ProjectConfigurationPlatforms) = postSolution
		{BF496BAD-FBA2-47A9-8E50-009793312718}.Debug|Any CPU.ActiveCfg = Debug|Any CPU
		{BF496BAD-FBA2-47A9-8E50-009793312718}.Debug|Any CPU.Build.0 = Debug|Any CPU
		{BF496BAD-FBA2-47A9-8E50-009793312718}.Release|Any CPU.ActiveCfg = Release|Any CPU
		{BF496BAD-FBA2-47A9-8E50-009793312718}.Release|Any CPU.Build.0 = Release|Any CPU
	EndGlobalSection
	GlobalSection(SolutionProperties) = preSolution
		HideSolutionNode = FALSE
	EndGlobalSection
	GlobalSection(ExtensibilityGlobals) = postSolution
		SolutionGuid = {EBF289E2-71C5-45A6-B04C-D561917904F8}
	EndGlobalSection
EndGlobal
